
Microsoft Visual Studio Solution File, Format Version 12.00
# Visual Studio Version 17
VisualStudioVersion = 17.3.32901.215
MinimumVisualStudioVersion = 10.0.40219.1
Project("{FAE04EC0-301F-11D3-BF4B-00C04F79EFBC}") = "Projeto_Testes", "Projeto_Testes\Projeto_Testes.csproj", "{363AAD0C-044A-4B3B-8D49-030CA5A22F82}"
EndProject
Project("{FAE04EC0-301F-11D3-BF4B-00C04F79EFBC}") = "TesteMSTest", "TesteMSTest\TesteMSTest.csproj", "{FCB097A8-0DB5-4B31-A9B9-873975AA64FE}"
EndProject
Project("{FAE04EC0-301F-11D3-BF4B-00C04F79EFBC}") = "TestXunit", "TestXunit\TestXunit.csproj", "{161969B8-CF92-4FA7-8541-AF27912A369D}"
EndProject
Global
	GlobalSection(SolutionConfigurationPlatforms) = preSolution
		Debug|Any CPU = Debug|Any CPU
		Release|Any CPU = Release|Any CPU
	EndGlobalSection
	GlobalSection(ProjectConfigurationPlatforms) = postSolution
		{363AAD0C-044A-4B3B-8D49-030CA5A22F82}.Debug|Any CPU.ActiveCfg = Debug|Any CPU
		{363AAD0C-044A-4B3B-8D49-030CA5A22F82}.Debug|Any CPU.Build.0 = Debug|Any CPU
		{363AAD0C-044A-4B3B-8D49-030CA5A22F82}.Release|Any CPU.ActiveCfg = Release|Any CPU
		{363AAD0C-044A-4B3B-8D49-030CA5A22F82}.Release|Any CPU.Build.0 = Release|Any CPU
		{FCB097A8-0DB5-4B31-A9B9-873975AA64FE}.Debug|Any CPU.ActiveCfg = Debug|Any CPU
		{FCB097A8-0DB5-4B31-A9B9-873975AA64FE}.Debug|Any CPU.Build.0 = Debug|Any CPU
		{FCB097A8-0DB5-4B31-A9B9-873975AA64FE}.Release|Any CPU.ActiveCfg = Release|Any CPU
		{FCB097A8-0DB5-4B31-A9B9-873975AA64FE}.Release|Any CPU.Build.0 = Release|Any CPU
		{161969B8-CF92-4FA7-8541-AF27912A369D}.Debug|Any CPU.ActiveCfg = Debug|Any CPU
		{161969B8-CF92-4FA7-8541-AF27912A369D}.Debug|Any CPU.Build.0 = Debug|Any CPU
		{161969B8-CF92-4FA7-8541-AF27912A369D}.Release|Any CPU.ActiveCfg = Release|Any CPU
		{161969B8-CF92-4FA7-8541-AF27912A369D}.Release|Any CPU.Build.0 = Release|Any CPU
	EndGlobalSection
	GlobalSection(SolutionProperties) = preSolution
		HideSolutionNode = FALSE
	EndGlobalSection
	GlobalSection(ExtensibilityGlobals) = postSolution
		SolutionGuid = {F5761F79-40A4-4458-9671-0439F56B49A4}
	EndGlobalSection
EndGlobal
